
Microsoft Visual Studio Solution File, Format Version 12.00
# Visual Studio Version 16
VisualStudioVersion = 16.0.29102.190
MinimumVisualStudioVersion = 10.0.40219.1
Project("{8BC9CEB8-8B4A-11D0-8D11-00A0C91BC942}") = "JP_TestMod", "JP_TestMod\JP_TestMod.vcxproj", "{E690024B-D1FD-4479-9B49-389DC4C76B8B}"
EndProject
Project("{8BC9CEB8-8B4A-11D0-8D11-00A0C91BC942}") = "JP_AnotherExplorer", "JP_AnotherExplorer\JP_AnotherExplorer.vcxproj", "{CC3AF8E9-3082-401C-8451-71B9FE259DB8}"
EndProject
Project("{8BC9CEB8-8B4A-11D0-8D11-00A0C91BC942}") = "JP_AnotherFleetLogic", "JP_AnotherFleetLogic\JP_AnotherFleetLogic.vcxproj", "{E8944D6D-E140-4802-B3B8-31565F2AB69E}"
EndProject
Project("{8BC9CEB8-8B4A-11D0-8D11-00A0C91BC942}") = "JP_AttackObject", "JP_AttackObject\JP_AttackObject.vcxproj", "{69A4D257-CB96-4E67-AB88-205AF647D628}"
EndProject
Project("{8BC9CEB8-8B4A-11D0-8D11-00A0C91BC942}") = "JP_CollectDroppedCargo", "JP_CollectDroppedCargo\JP_CollectDroppedCargo.vcxproj", "{DB37A291-A25F-4D2B-BD34-C9BF66584931}"
EndProject
Project("{8BC9CEB8-8B4A-11D0-8D11-00A0C91BC942}") = "JP_CollectPlaceables", "JP_CollectPlaceables\JP_CollectPlaceables.vcxproj", "{4598ACB4-46EB-4AFA-B407-B68E5B3B7190}"
EndProject
Project("{8BC9CEB8-8B4A-11D0-8D11-00A0C91BC942}") = "JP_DissolveFleet", "JP_DissolveFleet\JP_DissolveFleet.vcxproj", "{E16E860C-A6FB-4D62-BA3B-A1EF476A3741}"
EndProject
Project("{8BC9CEB8-8B4A-11D0-8D11-00A0C91BC942}") = "JP_DroneAttack", "JP_DroneAttack\JP_DroneAttack.vcxproj", "{94DDB229-2462-4AD3-B443-43C58643CC12}"
EndProject
Project("{8BC9CEB8-8B4A-11D0-8D11-00A0C91BC942}") = "JP_EscortMe", "JP_EscortMe\JP_EscortMe.vcxproj", "{BB785669-3AF0-4D9C-B40B-5F49333322C1}"
EndProject
Project("{8BC9CEB8-8B4A-11D0-8D11-00A0C91BC942}") = "JP_FleeFast", "JP_FleeFast\JP_FleeFast.vcxproj", "{8A27BE5E-00C2-441A-BBCD-C3898594B61D}"
EndProject
Project("{8BC9CEB8-8B4A-11D0-8D11-00A0C91BC942}") = "JP_FleetDocking", "JP_FleetDocking\JP_FleetDocking.vcxproj", "{BEF61743-27D3-4272-8A74-F96341A6B7D1}"
EndProject
Project("{8BC9CEB8-8B4A-11D0-8D11-00A0C91BC942}") = "JP_MultiRename", "JP_MultiRename\JP_MultiRename.vcxproj", "{48121C18-6B9B-4CEA-9C15-80348E4C99F4}"
EndProject
Project("{8BC9CEB8-8B4A-11D0-8D11-00A0C91BC942}") = "JP_ShowMePlayerStuffDestroyed", "JP_ShowMePlayerStuffDestroyed\JP_ShowMePlayerStuffDestroyed.vcxproj", "{4E8D2978-674E-4CF1-AE4E-58DCA2FA496C}"
EndProject
Project("{8BC9CEB8-8B4A-11D0-8D11-00A0C91BC942}") = "JP_TeleportShip", "JP_TeleportShip\JP_TeleportShip.vcxproj", "{B41E3BC4-22FA-4D84-B1EA-E687C7A4373D}"
EndProject
Project("{8BC9CEB8-8B4A-11D0-8D11-00A0C91BC942}") = "JP_TradeOrderExplorer", "JP_TradeOrderExplorer\JP_TradeOrderExplorer.vcxproj", "{87B26CC7-310E-4D65-BD1D-5E97F0468D21}"
EndProject
Global
	GlobalSection(SolutionConfigurationPlatforms) = preSolution
		Debug|x64 = Debug|x64
		Debug|x86 = Debug|x86
		Release|x64 = Release|x64
		Release|x86 = Release|x86
	EndGlobalSection
	GlobalSection(ProjectConfigurationPlatforms) = postSolution
		{E690024B-D1FD-4479-9B49-389DC4C76B8B}.Debug|x64.ActiveCfg = Debug|x64
		{E690024B-D1FD-4479-9B49-389DC4C76B8B}.Debug|x64.Build.0 = Debug|x64
		{E690024B-D1FD-4479-9B49-389DC4C76B8B}.Debug|x86.ActiveCfg = Debug|Win32
		{E690024B-D1FD-4479-9B49-389DC4C76B8B}.Debug|x86.Build.0 = Debug|Win32
		{E690024B-D1FD-4479-9B49-389DC4C76B8B}.Release|x64.ActiveCfg = Release|x64
		{E690024B-D1FD-4479-9B49-389DC4C76B8B}.Release|x64.Build.0 = Release|x64
		{E690024B-D1FD-4479-9B49-389DC4C76B8B}.Release|x86.ActiveCfg = Release|Win32
		{E690024B-D1FD-4479-9B49-389DC4C76B8B}.Release|x86.Build.0 = Release|Win32
		{CC3AF8E9-3082-401C-8451-71B9FE259DB8}.Debug|x64.ActiveCfg = Debug|x64
		{CC3AF8E9-3082-401C-8451-71B9FE259DB8}.Debug|x64.Build.0 = Debug|x64
		{CC3AF8E9-3082-401C-8451-71B9FE259DB8}.Debug|x86.ActiveCfg = Debug|Win32
		{CC3AF8E9-3082-401C-8451-71B9FE259DB8}.Debug|x86.Build.0 = Debug|Win32
		{CC3AF8E9-3082-401C-8451-71B9FE259DB8}.Release|x64.ActiveCfg = Release|x64
		{CC3AF8E9-3082-401C-8451-71B9FE259DB8}.Release|x64.Build.0 = Release|x64
		{CC3AF8E9-3082-401C-8451-71B9FE259DB8}.Release|x86.ActiveCfg = Release|Win32
		{CC3AF8E9-3082-401C-8451-71B9FE259DB8}.Release|x86.Build.0 = Release|Win32
		{E8944D6D-E140-4802-B3B8-31565F2AB69E}.Debug|x64.ActiveCfg = Debug|x64
		{E8944D6D-E140-4802-B3B8-31565F2AB69E}.Debug|x64.Build.0 = Debug|x64
		{E8944D6D-E140-4802-B3B8-31565F2AB69E}.Debug|x86.ActiveCfg = Debug|Win32
		{E8944D6D-E140-4802-B3B8-31565F2AB69E}.Debug|x86.Build.0 = Debug|Win32
		{E8944D6D-E140-4802-B3B8-31565F2AB69E}.Release|x64.ActiveCfg = Release|x64
		{E8944D6D-E140-4802-B3B8-31565F2AB69E}.Release|x64.Build.0 = Release|x64
		{E8944D6D-E140-4802-B3B8-31565F2AB69E}.Release|x86.ActiveCfg = Release|Win32
		{E8944D6D-E140-4802-B3B8-31565F2AB69E}.Release|x86.Build.0 = Release|Win32
		{69A4D257-CB96-4E67-AB88-205AF647D628}.Debug|x64.ActiveCfg = Debug|x64
		{69A4D257-CB96-4E67-AB88-205AF647D628}.Debug|x64.Build.0 = Debug|x64
		{69A4D257-CB96-4E67-AB88-205AF647D628}.Debug|x86.ActiveCfg = Debug|Win32
		{69A4D257-CB96-4E67-AB88-205AF647D628}.Debug|x86.Build.0 = Debug|Win32
		{69A4D257-CB96-4E67-AB88-205AF647D628}.Release|x64.ActiveCfg = Release|x64
		{69A4D257-CB96-4E67-AB88-205AF647D628}.Release|x64.Build.0 = Release|x64
		{69A4D257-CB96-4E67-AB88-205AF647D628}.Release|x86.ActiveCfg = Release|Win32
		{69A4D257-CB96-4E67-AB88-205AF647D628}.Release|x86.Build.0 = Release|Win32
		{DB37A291-A25F-4D2B-BD34-C9BF66584931}.Debug|x64.ActiveCfg = Debug|x64
		{DB37A291-A25F-4D2B-BD34-C9BF66584931}.Debug|x64.Build.0 = Debug|x64
		{DB37A291-A25F-4D2B-BD34-C9BF66584931}.Debug|x86.ActiveCfg = Debug|Win32
		{DB37A291-A25F-4D2B-BD34-C9BF66584931}.Debug|x86.Build.0 = Debug|Win32
		{DB37A291-A25F-4D2B-BD34-C9BF66584931}.Release|x64.ActiveCfg = Release|x64
		{DB37A291-A25F-4D2B-BD34-C9BF66584931}.Release|x64.Build.0 = Release|x64
		{DB37A291-A25F-4D2B-BD34-C9BF66584931}.Release|x86.ActiveCfg = Release|Win32
		{DB37A291-A25F-4D2B-BD34-C9BF66584931}.Release|x86.Build.0 = Release|Win32
		{4598ACB4-46EB-4AFA-B407-B68E5B3B7190}.Debug|x64.ActiveCfg = Debug|x64
		{4598ACB4-46EB-4AFA-B407-B68E5B3B7190}.Debug|x64.Build.0 = Debug|x64
		{4598ACB4-46EB-4AFA-B407-B68E5B3B7190}.Debug|x86.ActiveCfg = Debug|Win32
		{4598ACB4-46EB-4AFA-B407-B68E5B3B7190}.Debug|x86.Build.0 = Debug|Win32
		{4598ACB4-46EB-4AFA-B407-B68E5B3B7190}.Release|x64.ActiveCfg = Release|x64
		{4598ACB4-46EB-4AFA-B407-B68E5B3B7190}.Release|x64.Build.0 = Release|x64
		{4598ACB4-46EB-4AFA-B407-B68E5B3B7190}.Release|x86.ActiveCfg = Release|Win32
		{4598ACB4-46EB-4AFA-B407-B68E5B3B7190}.Release|x86.Build.0 = Release|Win32
		{E16E860C-A6FB-4D62-BA3B-A1EF476A3741}.Debug|x64.ActiveCfg = Debug|x64
		{E16E860C-A6FB-4D62-BA3B-A1EF476A3741}.Debug|x64.Build.0 = Debug|x64
		{E16E860C-A6FB-4D62-BA3B-A1EF476A3741}.Debug|x86.ActiveCfg = Debug|Win32
		{E16E860C-A6FB-4D62-BA3B-A1EF476A3741}.Debug|x86.Build.0 = Debug|Win32
		{E16E860C-A6FB-4D62-BA3B-A1EF476A3741}.Release|x64.ActiveCfg = Release|x64
		{E16E860C-A6FB-4D62-BA3B-A1EF476A3741}.Release|x64.Build.0 = Release|x64
		{E16E860C-A6FB-4D62-BA3B-A1EF476A3741}.Release|x86.ActiveCfg = Release|Win32
		{E16E860C-A6FB-4D62-BA3B-A1EF476A3741}.Release|x86.Build.0 = Release|Win32
		{94DDB229-2462-4AD3-B443-43C58643CC12}.Debug|x64.ActiveCfg = Debug|x64
		{94DDB229-2462-4AD3-B443-43C58643CC12}.Debug|x64.Build.0 = Debug|x64
		{94DDB229-2462-4AD3-B443-43C58643CC12}.Debug|x86.ActiveCfg = Debug|Win32
		{94DDB229-2462-4AD3-B443-43C58643CC12}.Debug|x86.Build.0 = Debug|Win32
		{94DDB229-2462-4AD3-B443-43C58643CC12}.Release|x64.ActiveCfg = Release|x64
		{94DDB229-2462-4AD3-B443-43C58643CC12}.Release|x64.Build.0 = Release|x64
		{94DDB229-2462-4AD3-B443-43C58643CC12}.Release|x86.ActiveCfg = Release|Win32
		{94DDB229-2462-4AD3-B443-43C58643CC12}.Release|x86.Build.0 = Release|Win32
		{BB785669-3AF0-4D9C-B40B-5F49333322C1}.Debug|x64.ActiveCfg = Debug|x64
		{BB785669-3AF0-4D9C-B40B-5F49333322C1}.Debug|x64.Build.0 = Debug|x64
		{BB785669-3AF0-4D9C-B40B-5F49333322C1}.Debug|x86.ActiveCfg = Debug|Win32
		{BB785669-3AF0-4D9C-B40B-5F49333322C1}.Debug|x86.Build.0 = Debug|Win32
		{BB785669-3AF0-4D9C-B40B-5F49333322C1}.Release|x64.ActiveCfg = Release|x64
		{BB785669-3AF0-4D9C-B40B-5F49333322C1}.Release|x64.Build.0 = Release|x64
		{BB785669-3AF0-4D9C-B40B-5F49333322C1}.Release|x86.ActiveCfg = Release|Win32
		{BB785669-3AF0-4D9C-B40B-5F49333322C1}.Release|x86.Build.0 = Release|Win32
		{8A27BE5E-00C2-441A-BBCD-C3898594B61D}.Debug|x64.ActiveCfg = Debug|x64
		{8A27BE5E-00C2-441A-BBCD-C3898594B61D}.Debug|x64.Build.0 = Debug|x64
		{8A27BE5E-00C2-441A-BBCD-C3898594B61D}.Debug|x86.ActiveCfg = Debug|Win32
		{8A27BE5E-00C2-441A-BBCD-C3898594B61D}.Debug|x86.Build.0 = Debug|Win32
		{8A27BE5E-00C2-441A-BBCD-C3898594B61D}.Release|x64.ActiveCfg = Release|x64
		{8A27BE5E-00C2-441A-BBCD-C3898594B61D}.Release|x64.Build.0 = Release|x64
		{8A27BE5E-00C2-441A-BBCD-C3898594B61D}.Release|x86.ActiveCfg = Release|Win32
		{8A27BE5E-00C2-441A-BBCD-C3898594B61D}.Release|x86.Build.0 = Release|Win32
		{BEF61743-27D3-4272-8A74-F96341A6B7D1}.Debug|x64.ActiveCfg = Debug|x64
		{BEF61743-27D3-4272-8A74-F96341A6B7D1}.Debug|x64.Build.0 = Debug|x64
		{BEF61743-27D3-4272-8A74-F96341A6B7D1}.Debug|x86.ActiveCfg = Debug|Win32
		{BEF61743-27D3-4272-8A74-F96341A6B7D1}.Debug|x86.Build.0 = Debug|Win32
		{BEF61743-27D3-4272-8A74-F96341A6B7D1}.Release|x64.ActiveCfg = Release|x64
		{BEF61743-27D3-4272-8A74-F96341A6B7D1}.Release|x64.Build.0 = Release|x64
		{BEF61743-27D3-4272-8A74-F96341A6B7D1}.Release|x86.ActiveCfg = Release|Win32
		{BEF61743-27D3-4272-8A74-F96341A6B7D1}.Release|x86.Build.0 = Release|Win32
		{48121C18-6B9B-4CEA-9C15-80348E4C99F4}.Debug|x64.ActiveCfg = Debug|x64
		{48121C18-6B9B-4CEA-9C15-80348E4C99F4}.Debug|x64.Build.0 = Debug|x64
		{48121C18-6B9B-4CEA-9C15-80348E4C99F4}.Debug|x86.ActiveCfg = Debug|Win32
		{48121C18-6B9B-4CEA-9C15-80348E4C99F4}.Debug|x86.Build.0 = Debug|Win32
		{48121C18-6B9B-4CEA-9C15-80348E4C99F4}.Release|x64.ActiveCfg = Release|x64
		{48121C18-6B9B-4CEA-9C15-80348E4C99F4}.Release|x64.Build.0 = Release|x64
		{48121C18-6B9B-4CEA-9C15-80348E4C99F4}.Release|x86.ActiveCfg = Release|Win32
		{48121C18-6B9B-4CEA-9C15-80348E4C99F4}.Release|x86.Build.0 = Release|Win32
		{4E8D2978-674E-4CF1-AE4E-58DCA2FA496C}.Debug|x64.ActiveCfg = Debug|x64
		{4E8D2978-674E-4CF1-AE4E-58DCA2FA496C}.Debug|x64.Build.0 = Debug|x64
		{4E8D2978-674E-4CF1-AE4E-58DCA2FA496C}.Debug|x86.ActiveCfg = Debug|Win32
		{4E8D2978-674E-4CF1-AE4E-58DCA2FA496C}.Debug|x86.Build.0 = Debug|Win32
		{4E8D2978-674E-4CF1-AE4E-58DCA2FA496C}.Release|x64.ActiveCfg = Release|x64
		{4E8D2978-674E-4CF1-AE4E-58DCA2FA496C}.Release|x64.Build.0 = Release|x64
		{4E8D2978-674E-4CF1-AE4E-58DCA2FA496C}.Release|x86.ActiveCfg = Release|Win32
		{4E8D2978-674E-4CF1-AE4E-58DCA2FA496C}.Release|x86.Build.0 = Release|Win32
		{B41E3BC4-22FA-4D84-B1EA-E687C7A4373D}.Debug|x64.ActiveCfg = Debug|x64
		{B41E3BC4-22FA-4D84-B1EA-E687C7A4373D}.Debug|x64.Build.0 = Debug|x64
		{B41E3BC4-22FA-4D84-B1EA-E687C7A4373D}.Debug|x86.ActiveCfg = Debug|Win32
		{B41E3BC4-22FA-4D84-B1EA-E687C7A4373D}.Debug|x86.Build.0 = Debug|Win32
		{B41E3BC4-22FA-4D84-B1EA-E687C7A4373D}.Release|x64.ActiveCfg = Release|x64
		{B41E3BC4-22FA-4D84-B1EA-E687C7A4373D}.Release|x64.Build.0 = Release|x64
		{B41E3BC4-22FA-4D84-B1EA-E687C7A4373D}.Release|x86.ActiveCfg = Release|Win32
		{B41E3BC4-22FA-4D84-B1EA-E687C7A4373D}.Release|x86.Build.0 = Release|Win32
		{87B26CC7-310E-4D65-BD1D-5E97F0468D21}.Debug|x64.ActiveCfg = Debug|x64
		{87B26CC7-310E-4D65-BD1D-5E97F0468D21}.Debug|x64.Build.0 = Debug|x64
		{87B26CC7-310E-4D65-BD1D-5E97F0468D21}.Debug|x86.ActiveCfg = Debug|Win32
		{87B26CC7-310E-4D65-BD1D-5E97F0468D21}.Debug|x86.Build.0 = Debug|Win32
		{87B26CC7-310E-4D65-BD1D-5E97F0468D21}.Release|x64.ActiveCfg = Release|x64
		{87B26CC7-310E-4D65-BD1D-5E97F0468D21}.Release|x64.Build.0 = Release|x64
		{87B26CC7-310E-4D65-BD1D-5E97F0468D21}.Release|x86.ActiveCfg = Release|Win32
		{87B26CC7-310E-4D65-BD1D-5E97F0468D21}.Release|x86.Build.0 = Release|Win32
	EndGlobalSection
	GlobalSection(SolutionProperties) = preSolution
		HideSolutionNode = FALSE
	EndGlobalSection
	GlobalSection(ExtensibilityGlobals) = postSolution
		SolutionGuid = {5224C583-5299-412E-82A1-62D8531BDA86}
	EndGlobalSection
EndGlobal
